
Microsoft Visual Studio Solution File, Format Version 12.00
Project("{FAE04EC0-301F-11D3-BF4B-00C04F79EFBC}") = "CreateFolder", "CreateFolder\CreateFolder.csproj", "{17D94606-BC46-4BA1-86E8-A5B73A80CC72}"
EndProject
Global
	GlobalSection(SolutionConfigurationPlatforms) = preSolution
		Debug|Any CPU = Debug|Any CPU
		Release|Any CPU = Release|Any CPU
	EndGlobalSection
	GlobalSection(ProjectConfigurationPlatforms) = postSolution
		{17D94606-BC46-4BA1-86E8-A5B73A80CC72}.Debug|Any CPU.ActiveCfg = Debug|Any CPU
		{17D94606-BC46-4BA1-86E8-A5B73A80CC72}.Debug|Any CPU.Build.0 = Debug|Any CPU
		{17D94606-BC46-4BA1-86E8-A5B73A80CC72}.Release|Any CPU.ActiveCfg = Release|Any CPU
		{17D94606-BC46-4BA1-86E8-A5B73A80CC72}.Release|Any CPU.Build.0 = Release|Any CPU
	EndGlobalSection
EndGlobal
